// !$*UTF8*$!
{
	archiveVersion = 1;
	classes = {
	};
	objectVersion = 46;
	objects = {

/* Begin PBXBuildFile section */
		F43F00031EBB720200A1EECE /* TestingNibsTests.swift in Sources */ = {isa = PBXBuildFile; fileRef = F43F00021EBB720200A1EECE /* TestingNibsTests.swift */; };
		F43F000E1EBB731700A1EECE /* CustomView.swift in Sources */ = {isa = PBXBuildFile; fileRef = F43F000D1EBB731700A1EECE /* CustomView.swift */; };
		F43F00101EBB737700A1EECE /* CustomView.xib in Resources */ = {isa = PBXBuildFile; fileRef = F43F000F1EBB737700A1EECE /* CustomView.xib */; };
		F43F00121EBB75B400A1EECE /* ViewControllerTests.swift in Sources */ = {isa = PBXBuildFile; fileRef = F43F00111EBB75B400A1EECE /* ViewControllerTests.swift */; };
		F43FFFEE1EBB720100A1EECE /* AppDelegate.swift in Sources */ = {isa = PBXBuildFile; fileRef = F43FFFED1EBB720100A1EECE /* AppDelegate.swift */; };
		F43FFFF01EBB720100A1EECE /* ViewController.swift in Sources */ = {isa = PBXBuildFile; fileRef = F43FFFEF1EBB720100A1EECE /* ViewController.swift */; };
		F43FFFF31EBB720100A1EECE /* Main.storyboard in Resources */ = {isa = PBXBuildFile; fileRef = F43FFFF11EBB720100A1EECE /* Main.storyboard */; };
		F43FFFF51EBB720100A1EECE /* Assets.xcassets in Resources */ = {isa = PBXBuildFile; fileRef = F43FFFF41EBB720100A1EECE /* Assets.xcassets */; };
		F43FFFF81EBB720100A1EECE /* LaunchScreen.storyboard in Resources */ = {isa = PBXBuildFile; fileRef = F43FFFF61EBB720100A1EECE /* LaunchScreen.storyboard */; };
/* End PBXBuildFile section */

/* Begin PBXContainerItemProxy section */
		F43FFFFF1EBB720200A1EECE /* PBXContainerItemProxy */ = {
			isa = PBXContainerItemProxy;
			containerPortal = F43FFFE21EBB720100A1EECE /* Project object */;
			proxyType = 1;
			remoteGlobalIDString = F43FFFE91EBB720100A1EECE;
			remoteInfo = TestingNibs;
		};
/* End PBXContainerItemProxy section */

/* Begin PBXFileReference section */
		F43F00021EBB720200A1EECE /* TestingNibsTests.swift */ = {isa = PBXFileReference; lastKnownFileType = sourcecode.swift; path = TestingNibsTests.swift; sourceTree = "<group>"; };
		F43F00041EBB720200A1EECE /* Info.plist */ = {isa = PBXFileReference; lastKnownFileType = text.plist.xml; path = Info.plist; sourceTree = "<group>"; };
		F43F000D1EBB731700A1EECE /* CustomView.swift */ = {isa = PBXFileReference; fileEncoding = 4; lastKnownFileType = sourcecode.swift; path = CustomView.swift; sourceTree = "<group>"; };
		F43F000F1EBB737700A1EECE /* CustomView.xib */ = {isa = PBXFileReference; fileEncoding = 4; lastKnownFileType = file.xib; name = CustomView.xib; path = ../CustomView.xib; sourceTree = "<group>"; };
		F43F00111EBB75B400A1EECE /* ViewControllerTests.swift */ = {isa = PBXFileReference; fileEncoding = 4; lastKnownFileType = sourcecode.swift; path = ViewControllerTests.swift; sourceTree = "<group>"; };
		F43FFFEA1EBB720100A1EECE /* TestingNibs.app */ = {isa = PBXFileReference; explicitFileType = wrapper.application; includeInIndex = 0; path = TestingNibs.app; sourceTree = BUILT_PRODUCTS_DIR; };
		F43FFFED1EBB720100A1EECE /* AppDelegate.swift */ = {isa = PBXFileReference; lastKnownFileType = sourcecode.swift; path = AppDelegate.swift; sourceTree = "<group>"; };
		F43FFFEF1EBB720100A1EECE /* ViewController.swift */ = {isa = PBXFileReference; lastKnownFileType = sourcecode.swift; path = ViewController.swift; sourceTree = "<group>"; };
		F43FFFF21EBB720100A1EECE /* Base */ = {isa = PBXFileReference; lastKnownFileType = file.storyboard; name = Base; path = Base.lproj/Main.storyboard; sourceTree = "<group>"; };
		F43FFFF41EBB720100A1EECE /* Assets.xcassets */ = {isa = PBXFileReference; lastKnownFileType = folder.assetcatalog; path = Assets.xcassets; sourceTree = "<group>"; };
		F43FFFF71EBB720100A1EECE /* Base */ = {isa = PBXFileReference; lastKnownFileType = file.storyboard; name = Base; path = Base.lproj/LaunchScreen.storyboard; sourceTree = "<group>"; };
		F43FFFF91EBB720100A1EECE /* Info.plist */ = {isa = PBXFileReference; lastKnownFileType = text.plist.xml; path = Info.plist; sourceTree = "<group>"; };
		F43FFFFE1EBB720200A1EECE /* TestingNibsTests.xctest */ = {isa = PBXFileReference; explicitFileType = wrapper.cfbundle; includeInIndex = 0; path = TestingNibsTests.xctest; sourceTree = BUILT_PRODUCTS_DIR; };
/* End PBXFileReference section */

/* Begin PBXFrameworksBuildPhase section */
		F43FFFE71EBB720100A1EECE /* Frameworks */ = {
			isa = PBXFrameworksBuildPhase;
			buildActionMask = 2147483647;
			files = (
			);
			runOnlyForDeploymentPostprocessing = 0;
		};
		F43FFFFB1EBB720200A1EECE /* Frameworks */ = {
			isa = PBXFrameworksBuildPhase;
			buildActionMask = 2147483647;
			files = (
			);
			runOnlyForDeploymentPostprocessing = 0;
		};
/* End PBXFrameworksBuildPhase section */

/* Begin PBXGroup section */
		F43F00011EBB720200A1EECE /* TestingNibsTests */ = {
			isa = PBXGroup;
			children = (
				F43F00111EBB75B400A1EECE /* ViewControllerTests.swift */,
				F43F00021EBB720200A1EECE /* TestingNibsTests.swift */,
				F43F00041EBB720200A1EECE /* Info.plist */,
			);
			path = TestingNibsTests;
			sourceTree = "<group>";
		};
		F43FFFE11EBB720100A1EECE = {
			isa = PBXGroup;
			children = (
				F43FFFEC1EBB720100A1EECE /* TestingNibs */,
				F43F00011EBB720200A1EECE /* TestingNibsTests */,
				F43FFFEB1EBB720100A1EECE /* Products */,
			);
			sourceTree = "<group>";
		};
		F43FFFEB1EBB720100A1EECE /* Products */ = {
			isa = PBXGroup;
			children = (
				F43FFFEA1EBB720100A1EECE /* TestingNibs.app */,
				F43FFFFE1EBB720200A1EECE /* TestingNibsTests.xctest */,
			);
			name = Products;
			sourceTree = "<group>";
		};
		F43FFFEC1EBB720100A1EECE /* TestingNibs */ = {
			isa = PBXGroup;
			children = (
				F43FFFED1EBB720100A1EECE /* AppDelegate.swift */,
				F43FFFEF1EBB720100A1EECE /* ViewController.swift */,
				F43FFFF11EBB720100A1EECE /* Main.storyboard */,
				F43FFFF41EBB720100A1EECE /* Assets.xcassets */,
				F43FFFF61EBB720100A1EECE /* LaunchScreen.storyboard */,
				F43FFFF91EBB720100A1EECE /* Info.plist */,
				F43F000D1EBB731700A1EECE /* CustomView.swift */,
				F43F000F1EBB737700A1EECE /* CustomView.xib */,
			);
			path = TestingNibs;
			sourceTree = "<group>";
		};
/* End PBXGroup section */

/* Begin PBXNativeTarget section */
		F43FFFE91EBB720100A1EECE /* TestingNibs */ = {
			isa = PBXNativeTarget;
			buildConfigurationList = F43F00071EBB720200A1EECE /* Build configuration list for PBXNativeTarget "TestingNibs" */;
			buildPhases = (
				F43FFFE61EBB720100A1EECE /* Sources */,
				F43FFFE71EBB720100A1EECE /* Frameworks */,
				F43FFFE81EBB720100A1EECE /* Resources */,
			);
			buildRules = (
			);
			dependencies = (
			);
			name = TestingNibs;
			productName = TestingNibs;
			productReference = F43FFFEA1EBB720100A1EECE /* TestingNibs.app */;
			productType = "com.apple.product-type.application";
		};
		F43FFFFD1EBB720200A1EECE /* TestingNibsTests */ = {
			isa = PBXNativeTarget;
			buildConfigurationList = F43F000A1EBB720200A1EECE /* Build configuration list for PBXNativeTarget "TestingNibsTests" */;
			buildPhases = (
				F43FFFFA1EBB720200A1EECE /* Sources */,
				F43FFFFB1EBB720200A1EECE /* Frameworks */,
				F43FFFFC1EBB720200A1EECE /* Resources */,
			);
			buildRules = (
			);
			dependencies = (
				F43F00001EBB720200A1EECE /* PBXTargetDependency */,
			);
			name = TestingNibsTests;
			productName = TestingNibsTests;
			productReference = F43FFFFE1EBB720200A1EECE /* TestingNibsTests.xctest */;
			productType = "com.apple.product-type.bundle.unit-test";
		};
/* End PBXNativeTarget section */

/* Begin PBXProject section */
		F43FFFE21EBB720100A1EECE /* Project object */ = {
			isa = PBXProject;
			attributes = {
				LastSwiftUpdateCheck = 0830;
				LastUpgradeCheck = 0830;
				ORGANIZATIONNAME = "Joe Susnick";
				TargetAttributes = {
					F43FFFE91EBB720100A1EECE = {
						CreatedOnToolsVersion = 8.3.2;
						DevelopmentTeam = NEL58AT86X;
						ProvisioningStyle = Automatic;
					};
					F43FFFFD1EBB720200A1EECE = {
						CreatedOnToolsVersion = 8.3.2;
						DevelopmentTeam = NEL58AT86X;
						ProvisioningStyle = Automatic;
						TestTargetID = F43FFFE91EBB720100A1EECE;
					};
				};
			};
			buildConfigurationList = F43FFFE51EBB720100A1EECE /* Build configuration list for PBXProject "TestingNibs" */;
			compatibilityVersion = "Xcode 3.2";
			developmentRegion = English;
			hasScannedForEncodings = 0;
			knownRegions = (
				en,
				Base,
			);
			mainGroup = F43FFFE11EBB720100A1EECE;
			productRefGroup = F43FFFEB1EBB720100A1EECE /* Products */;
			projectDirPath = "";
			projectRoot = "";
			targets = (
				F43FFFE91EBB720100A1EECE /* TestingNibs */,
				F43FFFFD1EBB720200A1EECE /* TestingNibsTests */,
			);
		};
/* End PBXProject section */

/* Begin PBXResourcesBuildPhase section */
		F43FFFE81EBB720100A1EECE /* Resources */ = {
			isa = PBXResourcesBuildPhase;
			buildActionMask = 2147483647;
			files = (
				F43FFFF81EBB720100A1EECE /* LaunchScreen.storyboard in Resources */,
				F43F00101EBB737700A1EECE /* CustomView.xib in Resources */,
				F43FFFF51EBB720100A1EECE /* Assets.xcassets in Resources */,
				F43FFFF31EBB720100A1EECE /* Main.storyboard in Resources */,
			);
			runOnlyForDeploymentPostprocessing = 0;
		};
		F43FFFFC1EBB720200A1EECE /* Resources */ = {
			isa = PBXResourcesBuildPhase;
			buildActionMask = 2147483647;
			files = (
			);
			runOnlyForDeploymentPostprocessing = 0;
		};
/* End PBXResourcesBuildPhase section */

/* Begin PBXSourcesBuildPhase section */
		F43FFFE61EBB720100A1EECE /* Sources */ = {
			isa = PBXSourcesBuildPhase;
			buildActionMask = 2147483647;
			files = (
				F43F000E1EBB731700A1EECE /* CustomView.swift in Sources */,
				F43FFFF01EBB720100A1EECE /* ViewController.swift in Sources */,
				F43FFFEE1EBB720100A1EECE /* AppDelegate.swift in Sources */,
			);
			runOnlyForDeploymentPostprocessing = 0;
		};
		F43FFFFA1EBB720200A1EECE /* Sources */ = {
			isa = PBXSourcesBuildPhase;
			buildActionMask = 2147483647;
			files = (
				F43F00121EBB75B400A1EECE /* ViewControllerTests.swift in Sources */,
				F43F00031EBB720200A1EECE /* TestingNibsTests.swift in Sources */,
			);
			runOnlyForDeploymentPostprocessing = 0;
		};
/* End PBXSourcesBuildPhase section */

/* Begin PBXTargetDependency section */
		F43F00001EBB720200A1EECE /* PBXTargetDependency */ = {
			isa = PBXTargetDependency;
			target = F43FFFE91EBB720100A1EECE /* TestingNibs */;
			targetProxy = F43FFFFF1EBB720200A1EECE /* PBXContainerItemProxy */;
		};
/* End PBXTargetDependency section */

/* Begin PBXVariantGroup section */
		F43FFFF11EBB720100A1EECE /* Main.storyboard */ = {
			isa = PBXVariantGroup;
			children = (
				F43FFFF21EBB720100A1EECE /* Base */,
			);
			name = Main.storyboard;
			sourceTree = "<group>";
		};
		F43FFFF61EBB720100A1EECE /* LaunchScreen.storyboard */ = {
			isa = PBXVariantGroup;
			children = (
				F43FFFF71EBB720100A1EECE /* Base */,
			);
			name = LaunchScreen.storyboard;
			sourceTree = "<group>";
		};
/* End PBXVariantGroup section */

/* Begin XCBuildConfiguration section */
		F43F00051EBB720200A1EECE /* Debug */ = {
			isa = XCBuildConfiguration;
			buildSettings = {
				ALWAYS_SEARCH_USER_PATHS = NO;
				CLANG_ANALYZER_NONNULL = YES;
				CLANG_ANALYZER_NUMBER_OBJECT_CONVERSION = YES_AGGRESSIVE;
				CLANG_CXX_LANGUAGE_STANDARD = "gnu++0x";
				CLANG_CXX_LIBRARY = "libc++";
				CLANG_ENABLE_MODULES = YES;
				CLANG_ENABLE_OBJC_ARC = YES;
				CLANG_WARN_BOOL_CONVERSION = YES;
				CLANG_WARN_CONSTANT_CONVERSION = YES;
				CLANG_WARN_DIRECT_OBJC_ISA_USAGE = YES_ERROR;
				CLANG_WARN_DOCUMENTATION_COMMENTS = YES;
				CLANG_WARN_EMPTY_BODY = YES;
				CLANG_WARN_ENUM_CONVERSION = YES;
				CLANG_WARN_INFINITE_RECURSION = YES;
				CLANG_WARN_INT_CONVERSION = YES;
				CLANG_WARN_OBJC_ROOT_CLASS = YES_ERROR;
				CLANG_WARN_SUSPICIOUS_MOVE = YES;
				CLANG_WARN_UNREACHABLE_CODE = YES;
				CLANG_WARN__DUPLICATE_METHOD_MATCH = YES;
				"CODE_SIGN_IDENTITY[sdk=iphoneos*]" = "iPhone Developer";
				COPY_PHASE_STRIP = NO;
				DEBUG_INFORMATION_FORMAT = dwarf;
				ENABLE_STRICT_OBJC_MSGSEND = YES;
				ENABLE_TESTABILITY = YES;
				GCC_C_LANGUAGE_STANDARD = gnu99;
				GCC_DYNAMIC_NO_PIC = NO;
				GCC_NO_COMMON_BLOCKS = YES;
				GCC_OPTIMIZATION_LEVEL = 0;
				GCC_PREPROCESSOR_DEFINITIONS = (
					"DEBUG=1",
					"$(inherited)",
				);
				GCC_WARN_64_TO_32_BIT_CONVERSION = YES;
				GCC_WARN_ABOUT_RETURN_TYPE = YES_ERROR;
				GCC_WARN_UNDECLARED_SELECTOR = YES;
				GCC_WARN_UNINITIALIZED_AUTOS = YES_AGGRESSIVE;
				GCC_WARN_UNUSED_FUNCTION = YES;
				GCC_WARN_UNUSED_VARIABLE = YES;
				IPHONEOS_DEPLOYMENT_TARGET = 10.3;
				MTL_ENABLE_DEBUG_INFO = YES;
				ONLY_ACTIVE_ARCH = YES;
				SDKROOT = iphoneos;
				SWIFT_ACTIVE_COMPILATION_CONDITIONS = DEBUG;
				SWIFT_OPTIMIZATION_LEVEL = "-Onone";
				TARGETED_DEVICE_FAMILY = "1,2";
			};
			name = Debug;
		};
		F43F00061EBB720200A1EECE /* Release */ = {
			isa = XCBuildConfiguration;
			buildSettings = {
				ALWAYS_SEARCH_USER_PATHS = NO;
				CLANG_ANALYZER_NONNULL = YES;
				CLANG_ANALYZER_NUMBER_OBJECT_CONVERSION = YES_AGGRESSIVE;
				CLANG_CXX_LANGUAGE_STANDARD = "gnu++0x";
				CLANG_CXX_LIBRARY = "libc++";
				CLANG_ENABLE_MODULES = YES;
				CLANG_ENABLE_OBJC_ARC = YES;
				CLANG_WARN_BOOL_CONVERSION = YES;
				CLANG_WARN_CONSTANT_CONVERSION = YES;
				CLANG_WARN_DIRECT_OBJC_ISA_USAGE = YES_ERROR;
				CLANG_WARN_DOCUMENTATION_COMMENTS = YES;
				CLANG_WARN_EMPTY_BODY = YES;
				CLANG_WARN_ENUM_CONVERSION = YES;
				CLANG_WARN_INFINITE_RECURSION = YES;
				CLANG_WARN_INT_CONVERSION = YES;
				CLANG_WARN_OBJC_ROOT_CLASS = YES_ERROR;
				CLANG_WARN_SUSPICIOUS_MOVE = YES;
				CLANG_WARN_UNREACHABLE_CODE = YES;
				CLANG_WARN__DUPLICATE_METHOD_MATCH = YES;
				"CODE_SIGN_IDENTITY[sdk=iphoneos*]" = "iPhone Developer";
				COPY_PHASE_STRIP = NO;
				DEBUG_INFORMATION_FORMAT = "dwarf-with-dsym";
				ENABLE_NS_ASSERTIONS = NO;
				ENABLE_STRICT_OBJC_MSGSEND = YES;
				GCC_C_LANGUAGE_STANDARD = gnu99;
				GCC_NO_COMMON_BLOCKS = YES;
				GCC_WARN_64_TO_32_BIT_CONVERSION = YES;
				GCC_WARN_ABOUT_RETURN_TYPE = YES_ERROR;
				GCC_WARN_UNDECLARED_SELECTOR = YES;
				GCC_WARN_UNINITIALIZED_AUTOS = YES_AGGRESSIVE;
				GCC_WARN_UNUSED_FUNCTION = YES;
				GCC_WARN_UNUSED_VARIABLE = YES;
				IPHONEOS_DEPLOYMENT_TARGET = 10.3;
				MTL_ENABLE_DEBUG_INFO = NO;
				SDKROOT = iphoneos;
				SWIFT_OPTIMIZATION_LEVEL = "-Owholemodule";
				TARGETED_DEVICE_FAMILY = "1,2";
				VALIDATE_PRODUCT = YES;
			};
			name = Release;
		};
		F43F00081EBB720200A1EECE /* Debug */ = {
			isa = XCBuildConfiguration;
			buildSettings = {
				ASSETCATALOG_COMPILER_APPICON_NAME = AppIcon;
				DEVELOPMENT_TEAM = NEL58AT86X;
				INFOPLIST_FILE = TestingNibs/Info.plist;
				LD_RUNPATH_SEARCH_PATHS = "$(inherited) @executable_path/Frameworks";
				PRODUCT_BUNDLE_IDENTIFIER = com.joesus.TestingNibs;
				PRODUCT_NAME = "$(TARGET_NAME)";
				SWIFT_VERSION = 3.0;
			};
			name = Debug;
		};
		F43F00091EBB720200A1EECE /* Release */ = {
			isa = XCBuildConfiguration;
			buildSettings = {
				ASSETCATALOG_COMPILER_APPICON_NAME = AppIcon;
				DEVELOPMENT_TEAM = NEL58AT86X;
				INFOPLIST_FILE = TestingNibs/Info.plist;
				LD_RUNPATH_SEARCH_PATHS = "$(inherited) @executable_path/Frameworks";
				PRODUCT_BUNDLE_IDENTIFIER = com.joesus.TestingNibs;
				PRODUCT_NAME = "$(TARGET_NAME)";
				SWIFT_VERSION = 3.0;
			};
			name = Release;
		};
		F43F000B1EBB720200A1EECE /* Debug */ = {
			isa = XCBuildConfiguration;
			buildSettings = {
				ALWAYS_EMBED_SWIFT_STANDARD_LIBRARIES = YES;
				BUNDLE_LOADER = "$(TEST_HOST)";
				DEVELOPMENT_TEAM = NEL58AT86X;
				INFOPLIST_FILE = TestingNibsTests/Info.plist;
				LD_RUNPATH_SEARCH_PATHS = "$(inherited) @executable_path/Frameworks @loader_path/Frameworks";
				PRODUCT_BUNDLE_IDENTIFIER = com.joesus.TestingNibsTests;
				PRODUCT_NAME = "$(TARGET_NAME)";
				SWIFT_VERSION = 3.0;
				TEST_HOST = "$(BUILT_PRODUCTS_DIR)/TestingNibs.app/TestingNibs";
			};
			name = Debug;
		};
		F43F000C1EBB720200A1EECE /* Release */ = {
			isa = XCBuildConfiguration;
			buildSettings = {
				ALWAYS_EMBED_SWIFT_STANDARD_LIBRARIES = YES;
				BUNDLE_LOADER = "$(TEST_HOST)";
				DEVELOPMENT_TEAM = NEL58AT86X;
				INFOPLIST_FILE = TestingNibsTests/Info.plist;
				LD_RUNPATH_SEARCH_PATHS = "$(inherited) @executable_path/Frameworks @loader_path/Frameworks";
				PRODUCT_BUNDLE_IDENTIFIER = com.joesus.TestingNibsTests;
				PRODUCT_NAME = "$(TARGET_NAME)";
				SWIFT_VERSION = 3.0;
				TEST_HOST = "$(BUILT_PRODUCTS_DIR)/TestingNibs.app/TestingNibs";
			};
			name = Release;
		};
/* End XCBuildConfiguration section */

/* Begin XCConfigurationList section */
		F43F00071EBB720200A1EECE /* Build configuration list for PBXNativeTarget "TestingNibs" */ = {
			isa = XCConfigurationList;
			buildConfigurations = (
				F43F00081EBB720200A1EECE /* Debug */,
				F43F00091EBB720200A1EECE /* Release */,
			);
			defaultConfigurationIsVisible = 0;
		};
		F43F000A1EBB720200A1EECE /* Build configuration list for PBXNativeTarget "TestingNibsTests" */ = {
			isa = XCConfigurationList;
			buildConfigurations = (
				F43F000B1EBB720200A1EECE /* Debug */,
				F43F000C1EBB720200A1EECE /* Release */,
			);
			defaultConfigurationIsVisible = 0;
		};
		F43FFFE51EBB720100A1EECE /* Build configuration list for PBXProject "TestingNibs" */ = {
			isa = XCConfigurationList;
			buildConfigurations = (
				F43F00051EBB720200A1EECE /* Debug */,
				F43F00061EBB720200A1EECE /* Release */,
			);
			defaultConfigurationIsVisible = 0;
			defaultConfigurationName = Release;
		};
/* End XCConfigurationList section */
	};
	rootObject = F43FFFE21EBB720100A1EECE /* Project object */;
}
